<?xml version="1.0" encoding="utf-8"?>
<Project ToolsVersion="4.0" xmlns="http://schemas.microsoft.com/developer/msbuild/2003">
  <ItemGroup>
    <Filter Include="Source Files">
      <UniqueIdentifier>{4FC737F1-C7A5-4376-A066-2A32D752A2FF}</UniqueIdentifier>
      <Extensions>qml;cpp;c;cc;cxx;def;odl;idl;hpj;bat;asm;asmx</Extensions>
    </Filter>
    <Filter Include="Header Files">
      <UniqueIdentifier>{93995380-89BD-4b04-88EB-625FBE52EBFB}</UniqueIdentifier>
      <Extensions>h;hh;hpp;hxx;hm;inl;inc;xsd</Extensions>
    </Filter>
    <Filter Include="Resource Files">
      <UniqueIdentifier>{67DA6AB6-F800-4c08-8B7A-83BB121AAD01}</UniqueIdentifier>
      <Extensions>qrc;rc;ico;cur;bmp;dlg;rc2;rct;bin;rgs;gif;jpg;jpeg;jpe;resx;tiff;tif;png;wav;mfcribbon-ms</Extensions>
    </Filter>
    <Filter Include="Form Files">
      <UniqueIdentifier>{99349809-55BA-4b9d-BF79-8FDBB0286EB3}</UniqueIdentifier>
      <Extensions>ui</Extensions>
    </Filter>
    <Filter Include="Translation Files">
      <UniqueIdentifier>{639EADAA-A684-42e4-A9AD-28FC9BCB8F7C}</UniqueIdentifier>
      <Extensions>ts</Extensions>
    </Filter>
    <Filter Include="Header Files\UI">
      <UniqueIdentifier>{cfdb0484-8500-4218-9216-72f9848723bc}</UniqueIdentifier>
    </Filter>
    <Filter Include="Source Files\UI">
      <UniqueIdentifier>{a3712cf0-e615-4245-bb75-24267916f9f2}</UniqueIdentifier>
    </Filter>
    <Filter Include="Header Files\UI\Delegates">
      <UniqueIdentifier>{e912e3d9-f9ca-4263-80b4-b214130c6755}</UniqueIdentifier>
    </Filter>
    <Filter Include="Source Files\UI\Delegates">
      <UniqueIdentifier>{d0aef9c3-d879-478a-a5a0-86269dd762fc}</UniqueIdentifier>
    </Filter>
    <Filter Include="Source Files\Security">
      <UniqueIdentifier>{08de2101-2c1f-4c01-8e80-3d7e6e821d91}</UniqueIdentifier>
    </Filter>
    <Filter Include="Header Files\Security">
      <UniqueIdentifier>{b46ca065-660b-416e-99cf-ea084b031e2a}</UniqueIdentifier>
    </Filter>
  </ItemGroup>
  <ItemGroup>
    <QtRcc Include="MainWindow.qrc">
      <Filter>Resource Files</Filter>
    </QtRcc>
    <QtUic Include="MainWindow.ui">
      <Filter>Form Files</Filter>
    </QtUic>
  </ItemGroup>
  <ItemGroup>
    <ClCompile Include="MainWindow.cpp">
      <Filter>Source Files\UI</Filter>
    </ClCompile>
    <ClCompile Include="PasswordModel.cpp">
      <Filter>Source Files\UI</Filter>
    </ClCompile>
    <ClCompile Include="HighlightDelegate.cpp">
      <Filter>Source Files\UI\Delegates</Filter>
    </ClCompile>
    <ClCompile Include="main.cpp">
      <Filter>Source Files</Filter>
    </ClCompile>
    <ClCompile Include="ClickableCircle.cpp">
      <Filter>Source Files\UI</Filter>
    </ClCompile>
    <ClCompile Include="PasswordGenerator.cpp">
      <Filter>Source Files\Security</Filter>
    </ClCompile>
    <ClCompile Include="Cryptor.cpp">
      <Filter>Source Files\Security</Filter>
    </ClCompile>
    <ClCompile Include="SettingsPopup.cpp">
      <Filter>Source Files</Filter>
    </ClCompile>
  </ItemGroup>
  <ItemGroup>
    <ClInclude Include="HighlightDelegate.h">
      <Filter>Header Files\UI\Delegates</Filter>
    </ClInclude>
    <ClInclude Include="PasswordGenerator.h">
      <Filter>Header Files\Security</Filter>
    </ClInclude>
  </ItemGroup>
  <ItemGroup>
    <QtMoc Include="MainWindow.h">
      <Filter>Header Files\UI</Filter>
    </QtMoc>
    <QtMoc Include="PasswordModel.h">
      <Filter>Header Files\UI</Filter>
    </QtMoc>
    <QtMoc Include="ClickableCircle.h">
      <Filter>Header Files\UI</Filter>
    </QtMoc>
    <QtMoc Include="Cryptor.h">
      <Filter>Header Files\Security</Filter>
    </QtMoc>
    <QtMoc Include="SettingsPopup.h">
      <Filter>Header Files</Filter>
    </QtMoc>
  </ItemGroup>
</Project>